{
  "requires": true,
  "lockfileVersion": 1,
  "dependencies": {
    "@types/webpack-env": {
      "version": "1.13.6",
      "resolved": "https://registry.npmjs.org/@types/webpack-env/-/webpack-env-1.13.6.tgz",
      "integrity": "sha512-5Th3OsZ4gTRdr9Mho83BQ23cex4sRhOR4XTG+m+cJc0FhtUBK9Vn62hBJ+pnQYnSxoPOsKoAPOx6FcphxBC8ng=="
    }
  }
}
