{
  "name": "jbsnorro.view",
  "version": "0.1.0",
  "lockfileVersion": 1,
  "requires": true,
  "dependencies": {
    "@angular/common": {
      "version": "4.2.5",
      "resolved": "https://registry.npmjs.org/@angular/common/-/common-4.2.5.tgz",
      "integrity": "sha1-TVCpW0RM1Yz3BvDandFAfTuDNi4=",
      "requires": {
        "tslib": "1.9.3"
      }
    },
    "@angular/core": {
      "version": "4.2.5",
      "resolved": "https://registry.npmjs.org/@angular/core/-/core-4.2.5.tgz",
      "integrity": "sha1-YcG1iFwmIzLXN/vg9dcRUXWahGQ=",
      "requires": {
        "tslib": "1.9.3"
      }
    },
    "@angular/forms": {
      "version": "4.2.5",
      "resolved": "https://registry.npmjs.org/@angular/forms/-/forms-4.2.5.tgz",
      "integrity": "sha1-p+VcjR9aToU37+Ht14NOSh9ZxuQ=",
      "requires": {
        "tslib": "1.9.3"
      }
    },
    "@angular/http": {
      "version": "4.2.5",
      "resolved": "https://registry.npmjs.org/@angular/http/-/http-4.2.5.tgz",
      "integrity": "sha1-P/+OXPjogmK6zRyZYwQxLDxaOu8=",
      "requires": {
        "tslib": "1.9.3"
      }
    },
    "@angular/platform-browser": {
      "version": "4.2.5",
      "resolved": "https://registry.npmjs.org/@angular/platform-browser/-/platform-browser-4.2.5.tgz",
      "integrity": "sha1-2d3+D4EITpjvJKefSF27ES54oMQ=",
      "requires": {
        "tslib": "1.9.3"
      }
    },
    "@angular/platform-browser-dynamic": {
      "version": "4.2.5",
      "resolved": "https://registry.npmjs.org/@angular/platform-browser-dynamic/-/platform-browser-dynamic-4.2.5.tgz",
      "integrity": "sha1-gHbsSohcw6GiPF5UDECn/dP357I=",
      "requires": {
        "tslib": "1.9.3"
      }
    },
    "@angular/router": {
      "version": "4.2.5",
      "resolved": "https://registry.npmjs.org/@angular/router/-/router-4.2.5.tgz",
      "integrity": "sha1-fzZAiUk6saBurF8MYowPn9sRAI8=",
      "requires": {
        "tslib": "1.9.3"
      }
    },
    "rxjs": {
      "version": "6.3.2",
      "resolved": "https://registry.npmjs.org/rxjs/-/rxjs-6.3.2.tgz",
      "integrity": "sha512-hV7criqbR0pe7EeL3O66UYVg92IR0XsA97+9y+BWTePK9SKmEI5Qd3Zj6uPnGkNzXsBywBQWTvujPl+1Kn9Zjw==",
      "requires": {
        "tslib": "1.9.3"
      }
    },
    "ts-keycode-enum": {
      "version": "1.0.6",
      "resolved": "https://registry.npmjs.org/ts-keycode-enum/-/ts-keycode-enum-1.0.6.tgz",
      "integrity": "sha512-DF8+Cf/FJJnPRxwz8agCoDelQXKZWQOS/gnnwx01nZ106tPJdB3BgJ9QTtLwXgR82D8O+nTjuZzWgf0Rg4vuRA=="
    },
    "tslib": {
      "version": "1.9.3",
      "resolved": "https://registry.npmjs.org/tslib/-/tslib-1.9.3.tgz",
      "integrity": "sha512-4krF8scpejhaOgqzBEcGM7yDIEfi0/8+8zDRZhNZZ2kjmHJ4hv3zCbQWxoJGz1iw5U0Jl0nma13xzHXcncMavQ=="
    },
    "zone.js": {
      "version": "0.8.26",
      "resolved": "https://registry.npmjs.org/zone.js/-/zone.js-0.8.26.tgz",
      "integrity": "sha512-W9Nj+UmBJG251wkCacIkETgra4QgBo/vgoEkb4a2uoLzpQG7qF9nzwoLXWU5xj3Fg2mxGvEDh47mg24vXccYjA=="
    }
  }
}
